
Microsoft Visual Studio Solution File, Format Version 12.00
# Visual Studio Version 16
VisualStudioVersion = 16.0.31729.503
MinimumVisualStudioVersion = 10.0.40219.1
Project("{FAE04EC0-301F-11D3-BF4B-00C04F79EFBC}") = "PooEjercicios12CircConCentro.Windows", "PooEjercicios12CircConCentro.Windows\PooEjercicios12CircConCentro.Windows.csproj", "{36BED7B9-B880-4B1C-B4E6-F47079F7E33B}"
EndProject
Project("{FAE04EC0-301F-11D3-BF4B-00C04F79EFBC}") = "PooEjercicios12CircConCentro.Entidades", "PooEjercicios12CircConCentro.Entidades\PooEjercicios12CircConCentro.Entidades.csproj", "{B0EB8DA3-E234-405E-BEAA-837B7780BF61}"
EndProject
Project("{FAE04EC0-301F-11D3-BF4B-00C04F79EFBC}") = "PooEjercicios12CircConCentro.Datos", "PooEjercicios12CircConCentro.Datos\PooEjercicios12CircConCentro.Datos.csproj", "{040DFDE2-C24A-415E-BF6E-0FBC22018D85}"
EndProject
Global
	GlobalSection(SolutionConfigurationPlatforms) = preSolution
		Debug|Any CPU = Debug|Any CPU
		Release|Any CPU = Release|Any CPU
	EndGlobalSection
	GlobalSection(ProjectConfigurationPlatforms) = postSolution
		{36BED7B9-B880-4B1C-B4E6-F47079F7E33B}.Debug|Any CPU.ActiveCfg = Debug|Any CPU
		{36BED7B9-B880-4B1C-B4E6-F47079F7E33B}.Debug|Any CPU.Build.0 = Debug|Any CPU
		{36BED7B9-B880-4B1C-B4E6-F47079F7E33B}.Release|Any CPU.ActiveCfg = Release|Any CPU
		{36BED7B9-B880-4B1C-B4E6-F47079F7E33B}.Release|Any CPU.Build.0 = Release|Any CPU
		{B0EB8DA3-E234-405E-BEAA-837B7780BF61}.Debug|Any CPU.ActiveCfg = Debug|Any CPU
		{B0EB8DA3-E234-405E-BEAA-837B7780BF61}.Debug|Any CPU.Build.0 = Debug|Any CPU
		{B0EB8DA3-E234-405E-BEAA-837B7780BF61}.Release|Any CPU.ActiveCfg = Release|Any CPU
		{B0EB8DA3-E234-405E-BEAA-837B7780BF61}.Release|Any CPU.Build.0 = Release|Any CPU
		{040DFDE2-C24A-415E-BF6E-0FBC22018D85}.Debug|Any CPU.ActiveCfg = Debug|Any CPU
		{040DFDE2-C24A-415E-BF6E-0FBC22018D85}.Debug|Any CPU.Build.0 = Debug|Any CPU
		{040DFDE2-C24A-415E-BF6E-0FBC22018D85}.Release|Any CPU.ActiveCfg = Release|Any CPU
		{040DFDE2-C24A-415E-BF6E-0FBC22018D85}.Release|Any CPU.Build.0 = Release|Any CPU
	EndGlobalSection
	GlobalSection(SolutionProperties) = preSolution
		HideSolutionNode = FALSE
	EndGlobalSection
	GlobalSection(ExtensibilityGlobals) = postSolution
		SolutionGuid = {32C05580-F918-449C-A5A6-8813F42FAB31}
	EndGlobalSection
EndGlobal
